
Microsoft Visual Studio Solution File, Format Version 12.00
# Visual Studio Version 16
VisualStudioVersion = 16.0.31321.278
MinimumVisualStudioVersion = 10.0.40219.1
Project("{FAE04EC0-301F-11D3-BF4B-00C04F79EFBC}") = "Simplicoding", "Simplicoding\Simplicoding.csproj", "{2B6C037C-9FA4-4BDF-9868-361C743CB3AD}"
EndProject
Global
	GlobalSection(SolutionConfigurationPlatforms) = preSolution
		Debug|Any CPU = Debug|Any CPU
		Release|Any CPU = Release|Any CPU
	EndGlobalSection
	GlobalSection(ProjectConfigurationPlatforms) = postSolution
		{2B6C037C-9FA4-4BDF-9868-361C743CB3AD}.Debug|Any CPU.ActiveCfg = Debug|Any CPU
		{2B6C037C-9FA4-4BDF-9868-361C743CB3AD}.Debug|Any CPU.Build.0 = Debug|Any CPU
		{2B6C037C-9FA4-4BDF-9868-361C743CB3AD}.Release|Any CPU.ActiveCfg = Release|Any CPU
		{2B6C037C-9FA4-4BDF-9868-361C743CB3AD}.Release|Any CPU.Build.0 = Release|Any CPU
	EndGlobalSection
	GlobalSection(SolutionProperties) = preSolution
		HideSolutionNode = FALSE
	EndGlobalSection
	GlobalSection(ExtensibilityGlobals) = postSolution
		SolutionGuid = {F18004B1-1CA7-4A11-9F1A-9F3DCFBD96F5}
	EndGlobalSection
EndGlobal
